{
  "name": "@comunica/bus-rdf-combine-quads",
  "version": "1.0.0",
  "lockfileVersion": 2,
  "requires": true,
  "packages": {
    "": {
      "name": "@comunica/bus-rdf-combine-quads",
      "version": "1.0.0",
      "license": "MIT",
      "dependencies": {
        "asynciterator": "^3.0.3"
      },
      "devDependencies": {
        "@comunica/core": "^1.18.0"
      },
      "peerDependencies": {
        "@comunica/core": "^1.18.0"
      }
    },
    "node_modules/@comunica/core": {
      "version": "1.18.0",
      "resolved": "https://registry.npmjs.org/@comunica/core/-/core-1.18.0.tgz",
      "integrity": "sha512-7JCzSJkilbemhIiSSpFuylbEqMntWp+JSs3gNgvb+r7NzxDXlB9l1Ng3UVJg6QvoO8EuoprwRGyeiG2824TarQ==",
      "dev": true,
      "dependencies": {
        "immutable": "^3.8.2"
      },
      "engines": {
        "node": ">=8.0"
      }
    },
    "node_modules/asynciterator": {
      "version": "3.0.3",
      "resolved": "https://registry.npmjs.org/asynciterator/-/asynciterator-3.0.3.tgz",
      "integrity": "sha512-mNvEwsk6DN7+co9T2be/Eor0kKQGIXCoGg27v7vsCLlFdSXlboH06UGCy9cfEh2qAfDdgsEpmDn6y59f3+ZvgA=="
    },
    "node_modules/immutable": {
      "version": "3.8.2",
      "resolved": "https://registry.npmjs.org/immutable/-/immutable-3.8.2.tgz",
      "integrity": "sha1-wkOZUUVbs5kT2vKBN28VMOEErfM=",
      "dev": true,
      "engines": {
        "node": ">=0.10.0"
      }
    }
  },
  "dependencies": {
    "@comunica/core": {
      "version": "1.18.0",
      "resolved": "https://registry.npmjs.org/@comunica/core/-/core-1.18.0.tgz",
      "integrity": "sha512-7JCzSJkilbemhIiSSpFuylbEqMntWp+JSs3gNgvb+r7NzxDXlB9l1Ng3UVJg6QvoO8EuoprwRGyeiG2824TarQ==",
      "dev": true,
      "requires": {
        "immutable": "^3.8.2"
      }
    },
    "asynciterator": {
      "version": "3.0.3",
      "resolved": "https://registry.npmjs.org/asynciterator/-/asynciterator-3.0.3.tgz",
      "integrity": "sha512-mNvEwsk6DN7+co9T2be/Eor0kKQGIXCoGg27v7vsCLlFdSXlboH06UGCy9cfEh2qAfDdgsEpmDn6y59f3+ZvgA=="
    },
    "immutable": {
      "version": "3.8.2",
      "resolved": "https://registry.npmjs.org/immutable/-/immutable-3.8.2.tgz",
      "integrity": "sha1-wkOZUUVbs5kT2vKBN28VMOEErfM=",
      "dev": true
    }
  }
}
