{
  "name": "@comunica/actor-query-operation-update-compositeupdate",
  "version": "1.0.0",
  "lockfileVersion": 2,
  "requires": true,
  "packages": {
    "": {
      "name": "@comunica/actor-query-operation-update-compositeupdate",
      "version": "1.0.0",
      "license": "MIT",
      "dependencies": {
        "rdf-js": "^1.0.2"
      },
      "devDependencies": {
        "@comunica/bus-query-operation": "^1.15.0",
        "@comunica/core": "^1.15.0"
      },
      "peerDependencies": {
        "@comunica/bus-query-operation": "^1.15.0",
        "@comunica/core": "^1.15.0"
      }
    },
    "../bus-query-operation": {
      "name": "@comunica/bus-query-operation",
      "version": "1.18.0",
      "dev": true,
      "license": "MIT",
      "dependencies": {
        "@types/rdf-js": "*",
        "asynciterator": "^3.0.3",
        "immutable": "^3.8.2",
        "rdf-string": "^1.5.0",
        "sparqlalgebrajs": "^2.4.0"
      },
      "devDependencies": {
        "@comunica/core": "^1.18.0"
      },
      "peerDependencies": {
        "@comunica/core": "^1.0.0"
      }
    },
    "../bus-query-operation/node_modules/@comunica/core": {
      "resolved": "../core",
      "link": true
    },
    "../core": {
      "name": "@comunica/core",
      "version": "1.18.0",
      "dev": true,
      "license": "MIT",
      "dependencies": {
        "immutable": "^3.8.2"
      },
      "engines": {
        "node": ">=8.0"
      }
    },
    "node_modules/@comunica/bus-query-operation": {
      "resolved": "../bus-query-operation",
      "link": true
    },
    "node_modules/@comunica/core": {
      "resolved": "../core",
      "link": true
    },
    "node_modules/rdf-js": {
      "version": "1.0.2",
      "resolved": "https://registry.npmjs.org/rdf-js/-/rdf-js-1.0.2.tgz",
      "integrity": "sha512-xnR7jV0oVViKJTDE1RIOHs+b4gGPbhwV/D8SciN8Ib8Li5bqtXxRsQSYs6NfDsPN7SULTh6eh5AQ7kLXo7qQoA=="
    }
  },
  "dependencies": {
    "@comunica/bus-query-operation": {
      "version": "file:../bus-query-operation",
      "requires": {
        "@comunica/core": "^1.18.0",
        "@types/rdf-js": "*",
        "asynciterator": "^3.0.3",
        "immutable": "^3.8.2",
        "rdf-string": "^1.5.0",
        "sparqlalgebrajs": "^2.4.0"
      },
      "dependencies": {
        "@comunica/core": {
          "version": "file:../core",
          "requires": {
            "immutable": "^3.8.2"
          }
        }
      }
    },
    "@comunica/core": {
      "version": "file:../core",
      "requires": {
        "immutable": "^3.8.2"
      }
    },
    "rdf-js": {
      "version": "1.0.2",
      "resolved": "https://registry.npmjs.org/rdf-js/-/rdf-js-1.0.2.tgz",
      "integrity": "sha512-xnR7jV0oVViKJTDE1RIOHs+b4gGPbhwV/D8SciN8Ib8Li5bqtXxRsQSYs6NfDsPN7SULTh6eh5AQ7kLXo7qQoA=="
    }
  }
}
