{
  "name": "@comunica/actor-http-sparql-skolemized-bnodes",
  "version": "1.0.0",
  "lockfileVersion": 2,
  "requires": true,
  "packages": {
    "": {
      "name": "@comunica/actor-http-sparql-skolemized-bnodes",
      "version": "1.0.0",
      "license": "MIT",
      "dependencies": {
        "immutable": "^4.0.0-rc.12"
      },
      "devDependencies": {
        "@comunica/bus-http": "^1.18.1",
        "@comunica/core": "^1.18.1"
      },
      "peerDependencies": {
        "@comunica/bus-http": "^1.18.1",
        "@comunica/core": "^1.18.1"
      }
    },
    "node_modules/@comunica/bus-http": {
      "version": "1.18.1",
      "resolved": "https://registry.npmjs.org/@comunica/bus-http/-/bus-http-1.18.1.tgz",
      "integrity": "sha512-ovEy1HEagq2cla3WSCLyrA6LGMsfNyc7sm9UBJUnaX4KnYlOoombibsCwqiJhGfvHHV019yFj1l7NDICF3ZD3Q==",
      "dev": true,
      "dependencies": {
        "is-stream": "^2.0.0",
        "web-streams-node": "^0.4.0"
      },
      "peerDependencies": {
        "@comunica/core": "^1.0.0"
      }
    },
    "node_modules/@comunica/core": {
      "version": "1.18.1",
      "resolved": "https://registry.npmjs.org/@comunica/core/-/core-1.18.1.tgz",
      "integrity": "sha512-wXLOu/Wkt0zUy6XwI4W7IaXkcLmEkxs0P/xWY3huMdG5ixvFxVlOz+EuKz5sNCpeGiqZsMON4I9YvgiUlnZv0Q==",
      "dev": true,
      "dependencies": {
        "immutable": "^3.8.2"
      },
      "engines": {
        "node": ">=8.0"
      }
    },
    "node_modules/@comunica/core/node_modules/immutable": {
      "version": "3.8.2",
      "resolved": "https://registry.npmjs.org/immutable/-/immutable-3.8.2.tgz",
      "integrity": "sha1-wkOZUUVbs5kT2vKBN28VMOEErfM=",
      "dev": true,
      "engines": {
        "node": ">=0.10.0"
      }
    },
    "node_modules/immutable": {
      "version": "4.0.0-rc.12",
      "resolved": "https://registry.npmjs.org/immutable/-/immutable-4.0.0-rc.12.tgz",
      "integrity": "sha512-0M2XxkZLx/mi3t8NVwIm1g8nHoEmM9p9UBl/G9k4+hm0kBgOVdMV/B3CY5dQ8qG8qc80NN4gDV4HQv6FTJ5q7A=="
    },
    "node_modules/is-stream": {
      "version": "2.0.0",
      "resolved": "https://registry.npmjs.org/is-stream/-/is-stream-2.0.0.tgz",
      "integrity": "sha512-XCoy+WlUr7d1+Z8GgSuXmpuUFC9fOhRXglJMx+dwLKTkL44Cjd4W1Z5P+BQZpr+cR93aGP4S/s7Ftw6Nd/kiEw==",
      "dev": true,
      "engines": {
        "node": ">=8"
      }
    },
    "node_modules/readable-stream-node-to-web": {
      "version": "1.0.1",
      "resolved": "https://registry.npmjs.org/readable-stream-node-to-web/-/readable-stream-node-to-web-1.0.1.tgz",
      "integrity": "sha1-i3YU+qFGXr+g2pucpjA/onBzt88=",
      "dev": true
    },
    "node_modules/web-streams-node": {
      "version": "0.4.0",
      "resolved": "https://registry.npmjs.org/web-streams-node/-/web-streams-node-0.4.0.tgz",
      "integrity": "sha512-u+PBQs8DFaBrN/bxCLFn21tO/ZP7EM3qA4FGzppoUCcZ5CaMbKOsN8uOp27ylVEsfrxcR2tsF6gWHI5M8bN73w==",
      "dev": true,
      "dependencies": {
        "is-stream": "^1.1.0",
        "readable-stream-node-to-web": "^1.0.1",
        "web-streams-ponyfill": "^1.4.1"
      }
    },
    "node_modules/web-streams-node/node_modules/is-stream": {
      "version": "1.1.0",
      "resolved": "https://registry.npmjs.org/is-stream/-/is-stream-1.1.0.tgz",
      "integrity": "sha1-EtSj3U5o4Lec6428hBc66A2RykQ=",
      "dev": true,
      "engines": {
        "node": ">=0.10.0"
      }
    },
    "node_modules/web-streams-ponyfill": {
      "version": "1.4.2",
      "resolved": "https://registry.npmjs.org/web-streams-ponyfill/-/web-streams-ponyfill-1.4.2.tgz",
      "integrity": "sha512-LCHW+fE2UBJ2vjhqJujqmoxh1ytEDEr0dPO3CabMdMDJPKmsaxzS90V1Ar6LtNE5VHLqxR4YMEj1i4lzMAccIA==",
      "dev": true
    }
  },
  "dependencies": {
    "@comunica/bus-http": {
      "version": "1.18.1",
      "resolved": "https://registry.npmjs.org/@comunica/bus-http/-/bus-http-1.18.1.tgz",
      "integrity": "sha512-ovEy1HEagq2cla3WSCLyrA6LGMsfNyc7sm9UBJUnaX4KnYlOoombibsCwqiJhGfvHHV019yFj1l7NDICF3ZD3Q==",
      "dev": true,
      "requires": {
        "is-stream": "^2.0.0",
        "web-streams-node": "^0.4.0"
      }
    },
    "@comunica/core": {
      "version": "1.18.1",
      "resolved": "https://registry.npmjs.org/@comunica/core/-/core-1.18.1.tgz",
      "integrity": "sha512-wXLOu/Wkt0zUy6XwI4W7IaXkcLmEkxs0P/xWY3huMdG5ixvFxVlOz+EuKz5sNCpeGiqZsMON4I9YvgiUlnZv0Q==",
      "dev": true,
      "requires": {
        "immutable": "^3.8.2"
      },
      "dependencies": {
        "immutable": {
          "version": "3.8.2",
          "resolved": "https://registry.npmjs.org/immutable/-/immutable-3.8.2.tgz",
          "integrity": "sha1-wkOZUUVbs5kT2vKBN28VMOEErfM=",
          "dev": true
        }
      }
    },
    "immutable": {
      "version": "4.0.0-rc.12",
      "resolved": "https://registry.npmjs.org/immutable/-/immutable-4.0.0-rc.12.tgz",
      "integrity": "sha512-0M2XxkZLx/mi3t8NVwIm1g8nHoEmM9p9UBl/G9k4+hm0kBgOVdMV/B3CY5dQ8qG8qc80NN4gDV4HQv6FTJ5q7A=="
    },
    "is-stream": {
      "version": "2.0.0",
      "resolved": "https://registry.npmjs.org/is-stream/-/is-stream-2.0.0.tgz",
      "integrity": "sha512-XCoy+WlUr7d1+Z8GgSuXmpuUFC9fOhRXglJMx+dwLKTkL44Cjd4W1Z5P+BQZpr+cR93aGP4S/s7Ftw6Nd/kiEw==",
      "dev": true
    },
    "readable-stream-node-to-web": {
      "version": "1.0.1",
      "resolved": "https://registry.npmjs.org/readable-stream-node-to-web/-/readable-stream-node-to-web-1.0.1.tgz",
      "integrity": "sha1-i3YU+qFGXr+g2pucpjA/onBzt88=",
      "dev": true
    },
    "web-streams-node": {
      "version": "0.4.0",
      "resolved": "https://registry.npmjs.org/web-streams-node/-/web-streams-node-0.4.0.tgz",
      "integrity": "sha512-u+PBQs8DFaBrN/bxCLFn21tO/ZP7EM3qA4FGzppoUCcZ5CaMbKOsN8uOp27ylVEsfrxcR2tsF6gWHI5M8bN73w==",
      "dev": true,
      "requires": {
        "is-stream": "^1.1.0",
        "readable-stream-node-to-web": "^1.0.1",
        "web-streams-ponyfill": "^1.4.1"
      },
      "dependencies": {
        "is-stream": {
          "version": "1.1.0",
          "resolved": "https://registry.npmjs.org/is-stream/-/is-stream-1.1.0.tgz",
          "integrity": "sha1-EtSj3U5o4Lec6428hBc66A2RykQ=",
          "dev": true
        }
      }
    },
    "web-streams-ponyfill": {
      "version": "1.4.2",
      "resolved": "https://registry.npmjs.org/web-streams-ponyfill/-/web-streams-ponyfill-1.4.2.tgz",
      "integrity": "sha512-LCHW+fE2UBJ2vjhqJujqmoxh1ytEDEr0dPO3CabMdMDJPKmsaxzS90V1Ar6LtNE5VHLqxR4YMEj1i4lzMAccIA==",
      "dev": true
    }
  }
}
