{
  "name": "@comunica/actor-rdf-combine-quads-hash",
  "version": "1.0.0",
  "lockfileVersion": 2,
  "requires": true,
  "packages": {
    "": {
      "name": "@comunica/actor-rdf-combine-quads-hash",
      "version": "1.0.0",
      "license": "MIT",
      "dependencies": {
        "asynciterator": "^3.0.3",
        "canonicalize": "^1.0.5",
        "hash.js": "^1.1.7",
        "rdf-string": "^1.5.0"
      },
      "devDependencies": {
        "@comunica/bus-rdf-combine-quads": "^1.0.0",
        "@comunica/core": "^1.18.0"
      },
      "peerDependencies": {
        "@comunica/bus-rdf-combine-quads": "^1.0.0",
        "@comunica/core": "^1.18.0"
      }
    },
    "../bus-rdf-combine-quads": {
      "name": "@comunica/bus-rdf-combine-quads",
      "version": "1.0.0",
      "dev": true,
      "license": "MIT",
      "dependencies": {
        "asynciterator": "^3.0.3"
      },
      "devDependencies": {
        "@comunica/core": "^1.18.0"
      },
      "peerDependencies": {
        "@comunica/core": "^1.18.0"
      }
    },
    "../bus-rdf-combine-quads/node_modules/@comunica/core": {
      "resolved": "../core",
      "link": true
    },
    "../bus-rdf-combine-quads/node_modules/asynciterator": {
      "version": "3.0.3",
      "dev": true,
      "license": "MIT"
    },
    "../core": {
      "name": "@comunica/core",
      "version": "1.18.0",
      "dev": true,
      "license": "MIT",
      "dependencies": {
        "immutable": "^3.8.2"
      },
      "engines": {
        "node": ">=8.0"
      }
    },
    "node_modules/@comunica/bus-rdf-combine-quads": {
      "resolved": "../bus-rdf-combine-quads",
      "link": true
    },
    "node_modules/@comunica/core": {
      "resolved": "../core",
      "link": true
    },
    "node_modules/@types/node": {
      "version": "14.14.10",
      "resolved": "https://registry.npmjs.org/@types/node/-/node-14.14.10.tgz",
      "integrity": "sha512-J32dgx2hw8vXrSbu4ZlVhn1Nm3GbeCFNw2FWL8S5QKucHGY0cyNwjdQdO+KMBZ4wpmC7KhLCiNsdk1RFRIYUQQ=="
    },
    "node_modules/@types/rdf-js": {
      "version": "4.0.0",
      "resolved": "https://registry.npmjs.org/@types/rdf-js/-/rdf-js-4.0.0.tgz",
      "integrity": "sha512-2uaR7ks0380MqzUWGOPOOk9yZIr/6MOaCcaj3ntKgd2PqNocgi8j5kSHIJTDe+5ABtTHqKMSE0v0UqrsT8ibgQ==",
      "dependencies": {
        "@types/node": "*"
      }
    },
    "node_modules/asynciterator": {
      "version": "3.0.3",
      "resolved": "https://registry.npmjs.org/asynciterator/-/asynciterator-3.0.3.tgz",
      "integrity": "sha512-mNvEwsk6DN7+co9T2be/Eor0kKQGIXCoGg27v7vsCLlFdSXlboH06UGCy9cfEh2qAfDdgsEpmDn6y59f3+ZvgA=="
    },
    "node_modules/canonicalize": {
      "version": "1.0.5",
      "resolved": "https://registry.npmjs.org/canonicalize/-/canonicalize-1.0.5.tgz",
      "integrity": "sha512-mAjKJPIyP0xqqv6IAkvso07StOmz6cmGtNDg3pXCSzXVZOqka7StIkAhJl/zHOi4M2CgpYfD6aeRWbnrmtvBEA=="
    },
    "node_modules/hash.js": {
      "version": "1.1.7",
      "resolved": "https://registry.npmjs.org/hash.js/-/hash.js-1.1.7.tgz",
      "integrity": "sha512-taOaskGt4z4SOANNseOviYDvjEJinIkRgmp7LbKP2YTTmVxWBl87s/uzK9r+44BclBSp2X7K1hqeNfz9JbBeXA==",
      "dependencies": {
        "inherits": "^2.0.3",
        "minimalistic-assert": "^1.0.1"
      }
    },
    "node_modules/inherits": {
      "version": "2.0.4",
      "resolved": "https://registry.npmjs.org/inherits/-/inherits-2.0.4.tgz",
      "integrity": "sha512-k/vGaX4/Yla3WzyMCvTQOXYeIHvqOKtnqBduzTHpzpQZzAskKMhZ2K+EnBiSM9zGSoIFeMpXKxa4dYeZIQqewQ=="
    },
    "node_modules/minimalistic-assert": {
      "version": "1.0.1",
      "resolved": "https://registry.npmjs.org/minimalistic-assert/-/minimalistic-assert-1.0.1.tgz",
      "integrity": "sha512-UtJcAD4yEaGtjPezWuO9wC4nwUnVH/8/Im3yEHQP4b67cXlD/Qr9hdITCU1xDbSEXg2XKNaP8jsReV7vQd00/A=="
    },
    "node_modules/rdf-data-factory": {
      "version": "1.0.4",
      "resolved": "https://registry.npmjs.org/rdf-data-factory/-/rdf-data-factory-1.0.4.tgz",
      "integrity": "sha512-ZIIwEkLcV7cTc+atvQFzAETFVRHz1BRe/MhdkZqYse8vxskErj8/bF/Ittc3B5c0GTyw6O3jVF2V7xBRGyRoSQ==",
      "dependencies": {
        "@types/rdf-js": "*"
      }
    },
    "node_modules/rdf-string": {
      "version": "1.5.0",
      "resolved": "https://registry.npmjs.org/rdf-string/-/rdf-string-1.5.0.tgz",
      "integrity": "sha512-3TEJuDIKUADgZrfcZG+zAN4GfVA1Ei2sKA7Z7QVHkAE36wWoRGPJbGihPQMldgzvy9lG2nzZU+CXz+6oGSQNsQ==",
      "dependencies": {
        "rdf-data-factory": "^1.0.0"
      }
    }
  },
  "dependencies": {
    "@comunica/bus-rdf-combine-quads": {
      "version": "file:../bus-rdf-combine-quads",
      "requires": {
        "@comunica/core": "^1.18.0",
        "asynciterator": "^3.0.3"
      },
      "dependencies": {
        "@comunica/core": {
          "version": "file:../core",
          "requires": {
            "immutable": "^3.8.2"
          }
        },
        "asynciterator": {
          "version": "3.0.3",
          "dev": true
        }
      }
    },
    "@comunica/core": {
      "version": "file:../core",
      "requires": {
        "immutable": "^3.8.2"
      }
    },
    "@types/node": {
      "version": "14.14.10",
      "resolved": "https://registry.npmjs.org/@types/node/-/node-14.14.10.tgz",
      "integrity": "sha512-J32dgx2hw8vXrSbu4ZlVhn1Nm3GbeCFNw2FWL8S5QKucHGY0cyNwjdQdO+KMBZ4wpmC7KhLCiNsdk1RFRIYUQQ=="
    },
    "@types/rdf-js": {
      "version": "4.0.0",
      "resolved": "https://registry.npmjs.org/@types/rdf-js/-/rdf-js-4.0.0.tgz",
      "integrity": "sha512-2uaR7ks0380MqzUWGOPOOk9yZIr/6MOaCcaj3ntKgd2PqNocgi8j5kSHIJTDe+5ABtTHqKMSE0v0UqrsT8ibgQ==",
      "requires": {
        "@types/node": "*"
      }
    },
    "asynciterator": {
      "version": "3.0.3",
      "resolved": "https://registry.npmjs.org/asynciterator/-/asynciterator-3.0.3.tgz",
      "integrity": "sha512-mNvEwsk6DN7+co9T2be/Eor0kKQGIXCoGg27v7vsCLlFdSXlboH06UGCy9cfEh2qAfDdgsEpmDn6y59f3+ZvgA=="
    },
    "canonicalize": {
      "version": "1.0.5",
      "resolved": "https://registry.npmjs.org/canonicalize/-/canonicalize-1.0.5.tgz",
      "integrity": "sha512-mAjKJPIyP0xqqv6IAkvso07StOmz6cmGtNDg3pXCSzXVZOqka7StIkAhJl/zHOi4M2CgpYfD6aeRWbnrmtvBEA=="
    },
    "hash.js": {
      "version": "1.1.7",
      "resolved": "https://registry.npmjs.org/hash.js/-/hash.js-1.1.7.tgz",
      "integrity": "sha512-taOaskGt4z4SOANNseOviYDvjEJinIkRgmp7LbKP2YTTmVxWBl87s/uzK9r+44BclBSp2X7K1hqeNfz9JbBeXA==",
      "requires": {
        "inherits": "^2.0.3",
        "minimalistic-assert": "^1.0.1"
      }
    },
    "inherits": {
      "version": "2.0.4",
      "resolved": "https://registry.npmjs.org/inherits/-/inherits-2.0.4.tgz",
      "integrity": "sha512-k/vGaX4/Yla3WzyMCvTQOXYeIHvqOKtnqBduzTHpzpQZzAskKMhZ2K+EnBiSM9zGSoIFeMpXKxa4dYeZIQqewQ=="
    },
    "minimalistic-assert": {
      "version": "1.0.1",
      "resolved": "https://registry.npmjs.org/minimalistic-assert/-/minimalistic-assert-1.0.1.tgz",
      "integrity": "sha512-UtJcAD4yEaGtjPezWuO9wC4nwUnVH/8/Im3yEHQP4b67cXlD/Qr9hdITCU1xDbSEXg2XKNaP8jsReV7vQd00/A=="
    },
    "rdf-data-factory": {
      "version": "1.0.4",
      "resolved": "https://registry.npmjs.org/rdf-data-factory/-/rdf-data-factory-1.0.4.tgz",
      "integrity": "sha512-ZIIwEkLcV7cTc+atvQFzAETFVRHz1BRe/MhdkZqYse8vxskErj8/bF/Ittc3B5c0GTyw6O3jVF2V7xBRGyRoSQ==",
      "requires": {
        "@types/rdf-js": "*"
      }
    },
    "rdf-string": {
      "version": "1.5.0",
      "resolved": "https://registry.npmjs.org/rdf-string/-/rdf-string-1.5.0.tgz",
      "integrity": "sha512-3TEJuDIKUADgZrfcZG+zAN4GfVA1Ei2sKA7Z7QVHkAE36wWoRGPJbGihPQMldgzvy9lG2nzZU+CXz+6oGSQNsQ==",
      "requires": {
        "rdf-data-factory": "^1.0.0"
      }
    }
  }
}
